
Microsoft Visual Studio Solution File, Format Version 12.00
# Visual Studio 2013
VisualStudioVersion = 12.0.30501.0
MinimumVisualStudioVersion = 10.0.40219.1
Project("{FAE04EC0-301F-11D3-BF4B-00C04F79EFBC}") = "prjMonoGameSkinningSample", "prjMonoGameSkinningSample\prjMonoGameSkinningSample.csproj", "{D6B86F30-CE43-452C-861F-D877B3D09B47}"
EndProject
Project("{FAE04EC0-301F-11D3-BF4B-00C04F79EFBC}") = "Content", "Content\Content\Content.csproj", "{9A158966-5DF6-4161-A7ED-3D18FE35E0F9}"
EndProject
Project("{FAE04EC0-301F-11D3-BF4B-00C04F79EFBC}") = "ContentContent", "Content\ContentContent\ContentContent.contentproj", "{65763E25-561E-44B6-8139-C838682FB1F5}"
EndProject
Project("{FAE04EC0-301F-11D3-BF4B-00C04F79EFBC}") = "SkinnedModelPipeline", "SkinnedModelPipeline\SkinnedModelPipeline.csproj", "{405F9C2A-E52F-4AD0-AFAC-40BE6843201C}"
EndProject
Project("{FAE04EC0-301F-11D3-BF4B-00C04F79EFBC}") = "SkinnedModel", "SkinnedModel\SkinnedModel.csproj", "{507136D9-D456-499F-8FC4-C657DACDD11A}"
EndProject
Global
	GlobalSection(SolutionConfigurationPlatforms) = preSolution
		Android|Any CPU = Android|Any CPU
		Android|Mixed Platforms = Android|Mixed Platforms
		Android|x86 = Android|x86
		Debug|Any CPU = Debug|Any CPU
		Debug|Mixed Platforms = Debug|Mixed Platforms
		Debug|x86 = Debug|x86
		iOS|Any CPU = iOS|Any CPU
		iOS|Mixed Platforms = iOS|Mixed Platforms
		iOS|x86 = iOS|x86
		Linux|Any CPU = Linux|Any CPU
		Linux|Mixed Platforms = Linux|Mixed Platforms
		Linux|x86 = Linux|x86
		OSX|Any CPU = OSX|Any CPU
		OSX|Mixed Platforms = OSX|Mixed Platforms
		OSX|x86 = OSX|x86
		PSM|Any CPU = PSM|Any CPU
		PSM|Mixed Platforms = PSM|Mixed Platforms
		PSM|x86 = PSM|x86
		Release|Any CPU = Release|Any CPU
		Release|Mixed Platforms = Release|Mixed Platforms
		Release|x86 = Release|x86
		Windows|Any CPU = Windows|Any CPU
		Windows|Mixed Platforms = Windows|Mixed Platforms
		Windows|x86 = Windows|x86
		Windows8|Any CPU = Windows8|Any CPU
		Windows8|Mixed Platforms = Windows8|Mixed Platforms
		Windows8|x86 = Windows8|x86
	EndGlobalSection
	GlobalSection(ProjectConfigurationPlatforms) = postSolution
		{D6B86F30-CE43-452C-861F-D877B3D09B47}.Android|Any CPU.ActiveCfg = Release|x86
		{D6B86F30-CE43-452C-861F-D877B3D09B47}.Android|Mixed Platforms.ActiveCfg = Release|x86
		{D6B86F30-CE43-452C-861F-D877B3D09B47}.Android|Mixed Platforms.Build.0 = Release|x86
		{D6B86F30-CE43-452C-861F-D877B3D09B47}.Android|x86.ActiveCfg = Release|x86
		{D6B86F30-CE43-452C-861F-D877B3D09B47}.Android|x86.Build.0 = Release|x86
		{D6B86F30-CE43-452C-861F-D877B3D09B47}.Debug|Any CPU.ActiveCfg = Debug|x86
		{D6B86F30-CE43-452C-861F-D877B3D09B47}.Debug|Mixed Platforms.ActiveCfg = Debug|x86
		{D6B86F30-CE43-452C-861F-D877B3D09B47}.Debug|Mixed Platforms.Build.0 = Debug|x86
		{D6B86F30-CE43-452C-861F-D877B3D09B47}.Debug|x86.ActiveCfg = Debug|x86
		{D6B86F30-CE43-452C-861F-D877B3D09B47}.Debug|x86.Build.0 = Debug|x86
		{D6B86F30-CE43-452C-861F-D877B3D09B47}.iOS|Any CPU.ActiveCfg = Release|x86
		{D6B86F30-CE43-452C-861F-D877B3D09B47}.iOS|Mixed Platforms.ActiveCfg = Release|x86
		{D6B86F30-CE43-452C-861F-D877B3D09B47}.iOS|Mixed Platforms.Build.0 = Release|x86
		{D6B86F30-CE43-452C-861F-D877B3D09B47}.iOS|x86.ActiveCfg = Release|x86
		{D6B86F30-CE43-452C-861F-D877B3D09B47}.iOS|x86.Build.0 = Release|x86
		{D6B86F30-CE43-452C-861F-D877B3D09B47}.Linux|Any CPU.ActiveCfg = Release|x86
		{D6B86F30-CE43-452C-861F-D877B3D09B47}.Linux|Mixed Platforms.ActiveCfg = Release|x86
		{D6B86F30-CE43-452C-861F-D877B3D09B47}.Linux|Mixed Platforms.Build.0 = Release|x86
		{D6B86F30-CE43-452C-861F-D877B3D09B47}.Linux|x86.ActiveCfg = Release|x86
		{D6B86F30-CE43-452C-861F-D877B3D09B47}.Linux|x86.Build.0 = Release|x86
		{D6B86F30-CE43-452C-861F-D877B3D09B47}.OSX|Any CPU.ActiveCfg = Release|x86
		{D6B86F30-CE43-452C-861F-D877B3D09B47}.OSX|Mixed Platforms.ActiveCfg = Release|x86
		{D6B86F30-CE43-452C-861F-D877B3D09B47}.OSX|Mixed Platforms.Build.0 = Release|x86
		{D6B86F30-CE43-452C-861F-D877B3D09B47}.OSX|x86.ActiveCfg = Release|x86
		{D6B86F30-CE43-452C-861F-D877B3D09B47}.OSX|x86.Build.0 = Release|x86
		{D6B86F30-CE43-452C-861F-D877B3D09B47}.PSM|Any CPU.ActiveCfg = Release|x86
		{D6B86F30-CE43-452C-861F-D877B3D09B47}.PSM|Mixed Platforms.ActiveCfg = Release|x86
		{D6B86F30-CE43-452C-861F-D877B3D09B47}.PSM|Mixed Platforms.Build.0 = Release|x86
		{D6B86F30-CE43-452C-861F-D877B3D09B47}.PSM|x86.ActiveCfg = Release|x86
		{D6B86F30-CE43-452C-861F-D877B3D09B47}.PSM|x86.Build.0 = Release|x86
		{D6B86F30-CE43-452C-861F-D877B3D09B47}.Release|Any CPU.ActiveCfg = Release|x86
		{D6B86F30-CE43-452C-861F-D877B3D09B47}.Release|Mixed Platforms.ActiveCfg = Release|x86
		{D6B86F30-CE43-452C-861F-D877B3D09B47}.Release|Mixed Platforms.Build.0 = Release|x86
		{D6B86F30-CE43-452C-861F-D877B3D09B47}.Release|x86.ActiveCfg = Release|x86
		{D6B86F30-CE43-452C-861F-D877B3D09B47}.Release|x86.Build.0 = Release|x86
		{D6B86F30-CE43-452C-861F-D877B3D09B47}.Windows|Any CPU.ActiveCfg = Release|x86
		{D6B86F30-CE43-452C-861F-D877B3D09B47}.Windows|Mixed Platforms.ActiveCfg = Release|x86
		{D6B86F30-CE43-452C-861F-D877B3D09B47}.Windows|Mixed Platforms.Build.0 = Release|x86
		{D6B86F30-CE43-452C-861F-D877B3D09B47}.Windows|x86.ActiveCfg = Release|x86
		{D6B86F30-CE43-452C-861F-D877B3D09B47}.Windows|x86.Build.0 = Release|x86
		{D6B86F30-CE43-452C-861F-D877B3D09B47}.Windows8|Any CPU.ActiveCfg = Release|x86
		{D6B86F30-CE43-452C-861F-D877B3D09B47}.Windows8|Mixed Platforms.ActiveCfg = Release|x86
		{D6B86F30-CE43-452C-861F-D877B3D09B47}.Windows8|Mixed Platforms.Build.0 = Release|x86
		{D6B86F30-CE43-452C-861F-D877B3D09B47}.Windows8|x86.ActiveCfg = Release|x86
		{D6B86F30-CE43-452C-861F-D877B3D09B47}.Windows8|x86.Build.0 = Release|x86
		{9A158966-5DF6-4161-A7ED-3D18FE35E0F9}.Android|Any CPU.ActiveCfg = Android|Any CPU
		{9A158966-5DF6-4161-A7ED-3D18FE35E0F9}.Android|Any CPU.Build.0 = Android|Any CPU
		{9A158966-5DF6-4161-A7ED-3D18FE35E0F9}.Android|Mixed Platforms.ActiveCfg = Android|Any CPU
		{9A158966-5DF6-4161-A7ED-3D18FE35E0F9}.Android|Mixed Platforms.Build.0 = Android|Any CPU
		{9A158966-5DF6-4161-A7ED-3D18FE35E0F9}.Android|x86.ActiveCfg = Android|Any CPU
		{9A158966-5DF6-4161-A7ED-3D18FE35E0F9}.Debug|Any CPU.ActiveCfg = PSM|Any CPU
		{9A158966-5DF6-4161-A7ED-3D18FE35E0F9}.Debug|Any CPU.Build.0 = PSM|Any CPU
		{9A158966-5DF6-4161-A7ED-3D18FE35E0F9}.Debug|Mixed Platforms.ActiveCfg = PSM|Any CPU
		{9A158966-5DF6-4161-A7ED-3D18FE35E0F9}.Debug|Mixed Platforms.Build.0 = PSM|Any CPU
		{9A158966-5DF6-4161-A7ED-3D18FE35E0F9}.Debug|x86.ActiveCfg = PSM|Any CPU
		{9A158966-5DF6-4161-A7ED-3D18FE35E0F9}.iOS|Any CPU.ActiveCfg = iOS|Any CPU
		{9A158966-5DF6-4161-A7ED-3D18FE35E0F9}.iOS|Any CPU.Build.0 = iOS|Any CPU
		{9A158966-5DF6-4161-A7ED-3D18FE35E0F9}.iOS|Mixed Platforms.ActiveCfg = iOS|Any CPU
		{9A158966-5DF6-4161-A7ED-3D18FE35E0F9}.iOS|Mixed Platforms.Build.0 = iOS|Any CPU
		{9A158966-5DF6-4161-A7ED-3D18FE35E0F9}.iOS|x86.ActiveCfg = iOS|Any CPU
		{9A158966-5DF6-4161-A7ED-3D18FE35E0F9}.Linux|Any CPU.ActiveCfg = Linux|Any CPU
		{9A158966-5DF6-4161-A7ED-3D18FE35E0F9}.Linux|Any CPU.Build.0 = Linux|Any CPU
		{9A158966-5DF6-4161-A7ED-3D18FE35E0F9}.Linux|Mixed Platforms.ActiveCfg = Linux|Any CPU
		{9A158966-5DF6-4161-A7ED-3D18FE35E0F9}.Linux|Mixed Platforms.Build.0 = Linux|Any CPU
		{9A158966-5DF6-4161-A7ED-3D18FE35E0F9}.Linux|x86.ActiveCfg = Linux|Any CPU
		{9A158966-5DF6-4161-A7ED-3D18FE35E0F9}.OSX|Any CPU.ActiveCfg = OSX|Any CPU
		{9A158966-5DF6-4161-A7ED-3D18FE35E0F9}.OSX|Any CPU.Build.0 = OSX|Any CPU
		{9A158966-5DF6-4161-A7ED-3D18FE35E0F9}.OSX|Mixed Platforms.ActiveCfg = OSX|Any CPU
		{9A158966-5DF6-4161-A7ED-3D18FE35E0F9}.OSX|Mixed Platforms.Build.0 = OSX|Any CPU
		{9A158966-5DF6-4161-A7ED-3D18FE35E0F9}.OSX|x86.ActiveCfg = OSX|Any CPU
		{9A158966-5DF6-4161-A7ED-3D18FE35E0F9}.PSM|Any CPU.ActiveCfg = PSM|Any CPU
		{9A158966-5DF6-4161-A7ED-3D18FE35E0F9}.PSM|Any CPU.Build.0 = PSM|Any CPU
		{9A158966-5DF6-4161-A7ED-3D18FE35E0F9}.PSM|Mixed Platforms.ActiveCfg = PSM|Any CPU
		{9A158966-5DF6-4161-A7ED-3D18FE35E0F9}.PSM|Mixed Platforms.Build.0 = PSM|Any CPU
		{9A158966-5DF6-4161-A7ED-3D18FE35E0F9}.PSM|x86.ActiveCfg = PSM|Any CPU
		{9A158966-5DF6-4161-A7ED-3D18FE35E0F9}.Release|Any CPU.ActiveCfg = PSM|Any CPU
		{9A158966-5DF6-4161-A7ED-3D18FE35E0F9}.Release|Any CPU.Build.0 = PSM|Any CPU
		{9A158966-5DF6-4161-A7ED-3D18FE35E0F9}.Release|Mixed Platforms.ActiveCfg = PSM|Any CPU
		{9A158966-5DF6-4161-A7ED-3D18FE35E0F9}.Release|Mixed Platforms.Build.0 = PSM|Any CPU
		{9A158966-5DF6-4161-A7ED-3D18FE35E0F9}.Release|x86.ActiveCfg = PSM|Any CPU
		{9A158966-5DF6-4161-A7ED-3D18FE35E0F9}.Windows|Any CPU.ActiveCfg = Windows|Any CPU
		{9A158966-5DF6-4161-A7ED-3D18FE35E0F9}.Windows|Any CPU.Build.0 = Windows|Any CPU
		{9A158966-5DF6-4161-A7ED-3D18FE35E0F9}.Windows|Mixed Platforms.ActiveCfg = Windows|Any CPU
		{9A158966-5DF6-4161-A7ED-3D18FE35E0F9}.Windows|Mixed Platforms.Build.0 = Windows|Any CPU
		{9A158966-5DF6-4161-A7ED-3D18FE35E0F9}.Windows|x86.ActiveCfg = Windows|Any CPU
		{9A158966-5DF6-4161-A7ED-3D18FE35E0F9}.Windows8|Any CPU.ActiveCfg = Windows8|Any CPU
		{9A158966-5DF6-4161-A7ED-3D18FE35E0F9}.Windows8|Any CPU.Build.0 = Windows8|Any CPU
		{9A158966-5DF6-4161-A7ED-3D18FE35E0F9}.Windows8|Mixed Platforms.ActiveCfg = Windows8|Any CPU
		{9A158966-5DF6-4161-A7ED-3D18FE35E0F9}.Windows8|Mixed Platforms.Build.0 = Windows8|Any CPU
		{9A158966-5DF6-4161-A7ED-3D18FE35E0F9}.Windows8|x86.ActiveCfg = Windows8|Any CPU
		{65763E25-561E-44B6-8139-C838682FB1F5}.Android|Any CPU.ActiveCfg = Android|Any CPU
		{65763E25-561E-44B6-8139-C838682FB1F5}.Android|Mixed Platforms.ActiveCfg = Android|Any CPU
		{65763E25-561E-44B6-8139-C838682FB1F5}.Android|x86.ActiveCfg = Android|Any CPU
		{65763E25-561E-44B6-8139-C838682FB1F5}.Debug|Any CPU.ActiveCfg = PSM|Any CPU
		{65763E25-561E-44B6-8139-C838682FB1F5}.Debug|Mixed Platforms.ActiveCfg = PSM|Any CPU
		{65763E25-561E-44B6-8139-C838682FB1F5}.Debug|x86.ActiveCfg = PSM|Any CPU
		{65763E25-561E-44B6-8139-C838682FB1F5}.iOS|Any CPU.ActiveCfg = iOS|Any CPU
		{65763E25-561E-44B6-8139-C838682FB1F5}.iOS|Mixed Platforms.ActiveCfg = iOS|Any CPU
		{65763E25-561E-44B6-8139-C838682FB1F5}.iOS|x86.ActiveCfg = iOS|Any CPU
		{65763E25-561E-44B6-8139-C838682FB1F5}.Linux|Any CPU.ActiveCfg = Linux|Any CPU
		{65763E25-561E-44B6-8139-C838682FB1F5}.Linux|Mixed Platforms.ActiveCfg = Linux|Any CPU
		{65763E25-561E-44B6-8139-C838682FB1F5}.Linux|x86.ActiveCfg = Linux|Any CPU
		{65763E25-561E-44B6-8139-C838682FB1F5}.OSX|Any CPU.ActiveCfg = OSX|Any CPU
		{65763E25-561E-44B6-8139-C838682FB1F5}.OSX|Mixed Platforms.ActiveCfg = OSX|Any CPU
		{65763E25-561E-44B6-8139-C838682FB1F5}.OSX|x86.ActiveCfg = OSX|Any CPU
		{65763E25-561E-44B6-8139-C838682FB1F5}.PSM|Any CPU.ActiveCfg = PSM|Any CPU
		{65763E25-561E-44B6-8139-C838682FB1F5}.PSM|Mixed Platforms.ActiveCfg = PSM|Any CPU
		{65763E25-561E-44B6-8139-C838682FB1F5}.PSM|x86.ActiveCfg = PSM|Any CPU
		{65763E25-561E-44B6-8139-C838682FB1F5}.Release|Any CPU.ActiveCfg = PSM|Any CPU
		{65763E25-561E-44B6-8139-C838682FB1F5}.Release|Mixed Platforms.ActiveCfg = PSM|Any CPU
		{65763E25-561E-44B6-8139-C838682FB1F5}.Release|x86.ActiveCfg = PSM|Any CPU
		{65763E25-561E-44B6-8139-C838682FB1F5}.Windows|Any CPU.ActiveCfg = Windows|Any CPU
		{65763E25-561E-44B6-8139-C838682FB1F5}.Windows|Mixed Platforms.ActiveCfg = Windows|Any CPU
		{65763E25-561E-44B6-8139-C838682FB1F5}.Windows|x86.ActiveCfg = Windows|Any CPU
		{65763E25-561E-44B6-8139-C838682FB1F5}.Windows8|Any CPU.ActiveCfg = Windows8|Any CPU
		{65763E25-561E-44B6-8139-C838682FB1F5}.Windows8|Mixed Platforms.ActiveCfg = Windows8|Any CPU
		{65763E25-561E-44B6-8139-C838682FB1F5}.Windows8|x86.ActiveCfg = Windows8|Any CPU
		{405F9C2A-E52F-4AD0-AFAC-40BE6843201C}.Android|Any CPU.ActiveCfg = Release|x86
		{405F9C2A-E52F-4AD0-AFAC-40BE6843201C}.Android|Any CPU.Build.0 = Release|x86
		{405F9C2A-E52F-4AD0-AFAC-40BE6843201C}.Android|Mixed Platforms.ActiveCfg = Release|x86
		{405F9C2A-E52F-4AD0-AFAC-40BE6843201C}.Android|Mixed Platforms.Build.0 = Release|x86
		{405F9C2A-E52F-4AD0-AFAC-40BE6843201C}.Android|x86.ActiveCfg = Release|x86
		{405F9C2A-E52F-4AD0-AFAC-40BE6843201C}.Android|x86.Build.0 = Release|x86
		{405F9C2A-E52F-4AD0-AFAC-40BE6843201C}.Debug|Any CPU.ActiveCfg = Debug|x86
		{405F9C2A-E52F-4AD0-AFAC-40BE6843201C}.Debug|Any CPU.Build.0 = Debug|x86
		{405F9C2A-E52F-4AD0-AFAC-40BE6843201C}.Debug|Mixed Platforms.ActiveCfg = Debug|x86
		{405F9C2A-E52F-4AD0-AFAC-40BE6843201C}.Debug|Mixed Platforms.Build.0 = Debug|x86
		{405F9C2A-E52F-4AD0-AFAC-40BE6843201C}.Debug|x86.ActiveCfg = Debug|x86
		{405F9C2A-E52F-4AD0-AFAC-40BE6843201C}.Debug|x86.Build.0 = Debug|x86
		{405F9C2A-E52F-4AD0-AFAC-40BE6843201C}.iOS|Any CPU.ActiveCfg = Release|x86
		{405F9C2A-E52F-4AD0-AFAC-40BE6843201C}.iOS|Any CPU.Build.0 = Release|x86
		{405F9C2A-E52F-4AD0-AFAC-40BE6843201C}.iOS|Mixed Platforms.ActiveCfg = Release|x86
		{405F9C2A-E52F-4AD0-AFAC-40BE6843201C}.iOS|Mixed Platforms.Build.0 = Release|x86
		{405F9C2A-E52F-4AD0-AFAC-40BE6843201C}.iOS|x86.ActiveCfg = Release|x86
		{405F9C2A-E52F-4AD0-AFAC-40BE6843201C}.iOS|x86.Build.0 = Release|x86
		{405F9C2A-E52F-4AD0-AFAC-40BE6843201C}.Linux|Any CPU.ActiveCfg = Release|x86
		{405F9C2A-E52F-4AD0-AFAC-40BE6843201C}.Linux|Any CPU.Build.0 = Release|x86
		{405F9C2A-E52F-4AD0-AFAC-40BE6843201C}.Linux|Mixed Platforms.ActiveCfg = Release|x86
		{405F9C2A-E52F-4AD0-AFAC-40BE6843201C}.Linux|Mixed Platforms.Build.0 = Release|x86
		{405F9C2A-E52F-4AD0-AFAC-40BE6843201C}.Linux|x86.ActiveCfg = Release|x86
		{405F9C2A-E52F-4AD0-AFAC-40BE6843201C}.Linux|x86.Build.0 = Release|x86
		{405F9C2A-E52F-4AD0-AFAC-40BE6843201C}.OSX|Any CPU.ActiveCfg = Release|x86
		{405F9C2A-E52F-4AD0-AFAC-40BE6843201C}.OSX|Any CPU.Build.0 = Release|x86
		{405F9C2A-E52F-4AD0-AFAC-40BE6843201C}.OSX|Mixed Platforms.ActiveCfg = Release|x86
		{405F9C2A-E52F-4AD0-AFAC-40BE6843201C}.OSX|Mixed Platforms.Build.0 = Release|x86
		{405F9C2A-E52F-4AD0-AFAC-40BE6843201C}.OSX|x86.ActiveCfg = Release|x86
		{405F9C2A-E52F-4AD0-AFAC-40BE6843201C}.OSX|x86.Build.0 = Release|x86
		{405F9C2A-E52F-4AD0-AFAC-40BE6843201C}.PSM|Any CPU.ActiveCfg = Release|x86
		{405F9C2A-E52F-4AD0-AFAC-40BE6843201C}.PSM|Any CPU.Build.0 = Release|x86
		{405F9C2A-E52F-4AD0-AFAC-40BE6843201C}.PSM|Mixed Platforms.ActiveCfg = Release|x86
		{405F9C2A-E52F-4AD0-AFAC-40BE6843201C}.PSM|Mixed Platforms.Build.0 = Release|x86
		{405F9C2A-E52F-4AD0-AFAC-40BE6843201C}.PSM|x86.ActiveCfg = Release|x86
		{405F9C2A-E52F-4AD0-AFAC-40BE6843201C}.PSM|x86.Build.0 = Release|x86
		{405F9C2A-E52F-4AD0-AFAC-40BE6843201C}.Release|Any CPU.ActiveCfg = Release|x86
		{405F9C2A-E52F-4AD0-AFAC-40BE6843201C}.Release|Any CPU.Build.0 = Release|x86
		{405F9C2A-E52F-4AD0-AFAC-40BE6843201C}.Release|Mixed Platforms.ActiveCfg = Release|x86
		{405F9C2A-E52F-4AD0-AFAC-40BE6843201C}.Release|Mixed Platforms.Build.0 = Release|x86
		{405F9C2A-E52F-4AD0-AFAC-40BE6843201C}.Release|x86.ActiveCfg = Release|x86
		{405F9C2A-E52F-4AD0-AFAC-40BE6843201C}.Release|x86.Build.0 = Release|x86
		{405F9C2A-E52F-4AD0-AFAC-40BE6843201C}.Windows|Any CPU.ActiveCfg = Release|x86
		{405F9C2A-E52F-4AD0-AFAC-40BE6843201C}.Windows|Any CPU.Build.0 = Release|x86
		{405F9C2A-E52F-4AD0-AFAC-40BE6843201C}.Windows|Mixed Platforms.ActiveCfg = Release|x86
		{405F9C2A-E52F-4AD0-AFAC-40BE6843201C}.Windows|Mixed Platforms.Build.0 = Release|x86
		{405F9C2A-E52F-4AD0-AFAC-40BE6843201C}.Windows|x86.ActiveCfg = Release|x86
		{405F9C2A-E52F-4AD0-AFAC-40BE6843201C}.Windows|x86.Build.0 = Release|x86
		{405F9C2A-E52F-4AD0-AFAC-40BE6843201C}.Windows8|Any CPU.ActiveCfg = Release|x86
		{405F9C2A-E52F-4AD0-AFAC-40BE6843201C}.Windows8|Any CPU.Build.0 = Release|x86
		{405F9C2A-E52F-4AD0-AFAC-40BE6843201C}.Windows8|Mixed Platforms.ActiveCfg = Release|x86
		{405F9C2A-E52F-4AD0-AFAC-40BE6843201C}.Windows8|Mixed Platforms.Build.0 = Release|x86
		{405F9C2A-E52F-4AD0-AFAC-40BE6843201C}.Windows8|x86.ActiveCfg = Release|x86
		{405F9C2A-E52F-4AD0-AFAC-40BE6843201C}.Windows8|x86.Build.0 = Release|x86
		{507136D9-D456-499F-8FC4-C657DACDD11A}.Android|Any CPU.ActiveCfg = Release|Any CPU
		{507136D9-D456-499F-8FC4-C657DACDD11A}.Android|Any CPU.Build.0 = Release|Any CPU
		{507136D9-D456-499F-8FC4-C657DACDD11A}.Android|Mixed Platforms.ActiveCfg = Release|Any CPU
		{507136D9-D456-499F-8FC4-C657DACDD11A}.Android|Mixed Platforms.Build.0 = Release|Any CPU
		{507136D9-D456-499F-8FC4-C657DACDD11A}.Android|x86.ActiveCfg = Release|Any CPU
		{507136D9-D456-499F-8FC4-C657DACDD11A}.Debug|Any CPU.ActiveCfg = Debug|Any CPU
		{507136D9-D456-499F-8FC4-C657DACDD11A}.Debug|Any CPU.Build.0 = Debug|Any CPU
		{507136D9-D456-499F-8FC4-C657DACDD11A}.Debug|Mixed Platforms.ActiveCfg = Debug|Any CPU
		{507136D9-D456-499F-8FC4-C657DACDD11A}.Debug|Mixed Platforms.Build.0 = Debug|Any CPU
		{507136D9-D456-499F-8FC4-C657DACDD11A}.Debug|x86.ActiveCfg = Debug|Any CPU
		{507136D9-D456-499F-8FC4-C657DACDD11A}.iOS|Any CPU.ActiveCfg = Release|Any CPU
		{507136D9-D456-499F-8FC4-C657DACDD11A}.iOS|Any CPU.Build.0 = Release|Any CPU
		{507136D9-D456-499F-8FC4-C657DACDD11A}.iOS|Mixed Platforms.ActiveCfg = Release|Any CPU
		{507136D9-D456-499F-8FC4-C657DACDD11A}.iOS|Mixed Platforms.Build.0 = Release|Any CPU
		{507136D9-D456-499F-8FC4-C657DACDD11A}.iOS|x86.ActiveCfg = Release|Any CPU
		{507136D9-D456-499F-8FC4-C657DACDD11A}.Linux|Any CPU.ActiveCfg = Release|Any CPU
		{507136D9-D456-499F-8FC4-C657DACDD11A}.Linux|Any CPU.Build.0 = Release|Any CPU
		{507136D9-D456-499F-8FC4-C657DACDD11A}.Linux|Mixed Platforms.ActiveCfg = Release|Any CPU
		{507136D9-D456-499F-8FC4-C657DACDD11A}.Linux|Mixed Platforms.Build.0 = Release|Any CPU
		{507136D9-D456-499F-8FC4-C657DACDD11A}.Linux|x86.ActiveCfg = Release|Any CPU
		{507136D9-D456-499F-8FC4-C657DACDD11A}.OSX|Any CPU.ActiveCfg = Release|Any CPU
		{507136D9-D456-499F-8FC4-C657DACDD11A}.OSX|Any CPU.Build.0 = Release|Any CPU
		{507136D9-D456-499F-8FC4-C657DACDD11A}.OSX|Mixed Platforms.ActiveCfg = Release|Any CPU
		{507136D9-D456-499F-8FC4-C657DACDD11A}.OSX|Mixed Platforms.Build.0 = Release|Any CPU
		{507136D9-D456-499F-8FC4-C657DACDD11A}.OSX|x86.ActiveCfg = Release|Any CPU
		{507136D9-D456-499F-8FC4-C657DACDD11A}.PSM|Any CPU.ActiveCfg = Release|Any CPU
		{507136D9-D456-499F-8FC4-C657DACDD11A}.PSM|Any CPU.Build.0 = Release|Any CPU
		{507136D9-D456-499F-8FC4-C657DACDD11A}.PSM|Mixed Platforms.ActiveCfg = Release|Any CPU
		{507136D9-D456-499F-8FC4-C657DACDD11A}.PSM|Mixed Platforms.Build.0 = Release|Any CPU
		{507136D9-D456-499F-8FC4-C657DACDD11A}.PSM|x86.ActiveCfg = Release|Any CPU
		{507136D9-D456-499F-8FC4-C657DACDD11A}.Release|Any CPU.ActiveCfg = Release|Any CPU
		{507136D9-D456-499F-8FC4-C657DACDD11A}.Release|Any CPU.Build.0 = Release|Any CPU
		{507136D9-D456-499F-8FC4-C657DACDD11A}.Release|Mixed Platforms.ActiveCfg = Release|Any CPU
		{507136D9-D456-499F-8FC4-C657DACDD11A}.Release|Mixed Platforms.Build.0 = Release|Any CPU
		{507136D9-D456-499F-8FC4-C657DACDD11A}.Release|x86.ActiveCfg = Release|Any CPU
		{507136D9-D456-499F-8FC4-C657DACDD11A}.Windows|Any CPU.ActiveCfg = Release|Any CPU
		{507136D9-D456-499F-8FC4-C657DACDD11A}.Windows|Any CPU.Build.0 = Release|Any CPU
		{507136D9-D456-499F-8FC4-C657DACDD11A}.Windows|Mixed Platforms.ActiveCfg = Release|Any CPU
		{507136D9-D456-499F-8FC4-C657DACDD11A}.Windows|Mixed Platforms.Build.0 = Release|Any CPU
		{507136D9-D456-499F-8FC4-C657DACDD11A}.Windows|x86.ActiveCfg = Release|Any CPU
		{507136D9-D456-499F-8FC4-C657DACDD11A}.Windows8|Any CPU.ActiveCfg = Release|Any CPU
		{507136D9-D456-499F-8FC4-C657DACDD11A}.Windows8|Any CPU.Build.0 = Release|Any CPU
		{507136D9-D456-499F-8FC4-C657DACDD11A}.Windows8|Mixed Platforms.ActiveCfg = Release|Any CPU
		{507136D9-D456-499F-8FC4-C657DACDD11A}.Windows8|Mixed Platforms.Build.0 = Release|Any CPU
		{507136D9-D456-499F-8FC4-C657DACDD11A}.Windows8|x86.ActiveCfg = Release|Any CPU
	EndGlobalSection
	GlobalSection(SolutionProperties) = preSolution
		HideSolutionNode = FALSE
	EndGlobalSection
EndGlobal
